// !$*UTF8*$!
{
	archiveVersion = 1;
	classes = {
	};
	objectVersion = 46;
	objects = {

/* Begin PBXBuildFile section */
		A60DB6D91EF1D5B500959010 /* Event+CoreDataClass.swift in Sources */ = {isa = PBXBuildFile; fileRef = A60DB6D11EF1D5B500959010 /* Event+CoreDataClass.swift */; };
		A60DB6DA1EF1D5B500959010 /* Event+CoreDataProperties.swift in Sources */ = {isa = PBXBuildFile; fileRef = A60DB6D21EF1D5B500959010 /* Event+CoreDataProperties.swift */; };
		A60DB6DB1EF1D5B500959010 /* Venue+CoreDataClass.swift in Sources */ = {isa = PBXBuildFile; fileRef = A60DB6D31EF1D5B500959010 /* Venue+CoreDataClass.swift */; };
		A60DB6DC1EF1D5B500959010 /* Venue+CoreDataProperties.swift in Sources */ = {isa = PBXBuildFile; fileRef = A60DB6D41EF1D5B500959010 /* Venue+CoreDataProperties.swift */; };
		A60DB6DD1EF1D5B500959010 /* Address+CoreDataClass.swift in Sources */ = {isa = PBXBuildFile; fileRef = A60DB6D51EF1D5B500959010 /* Address+CoreDataClass.swift */; };
		A60DB6DE1EF1D5B500959010 /* Address+CoreDataProperties.swift in Sources */ = {isa = PBXBuildFile; fileRef = A60DB6D61EF1D5B500959010 /* Address+CoreDataProperties.swift */; };
		A60DB6DF1EF1D5B500959010 /* Location+CoreDataClass.swift in Sources */ = {isa = PBXBuildFile; fileRef = A60DB6D71EF1D5B500959010 /* Location+CoreDataClass.swift */; };
		A60DB6E01EF1D5B500959010 /* Location+CoreDataProperties.swift in Sources */ = {isa = PBXBuildFile; fileRef = A60DB6D81EF1D5B500959010 /* Location+CoreDataProperties.swift */; };
		A60DB6E21EF1D63C00959010 /* CoreDataStackTests.swift in Sources */ = {isa = PBXBuildFile; fileRef = A60DB6E11EF1D63C00959010 /* CoreDataStackTests.swift */; };
		A60DB6E61EF1D6F500959010 /* CoreDataStack.swift in Sources */ = {isa = PBXBuildFile; fileRef = A60DB6E51EF1D6F500959010 /* CoreDataStack.swift */; };
		A638758A1EE765B800A80E75 /* EventsListViewController.swift in Sources */ = {isa = PBXBuildFile; fileRef = A63875891EE765B800A80E75 /* EventsListViewController.swift */; };
		A638758D1EE7665300A80E75 /* EventsListViewControllerTests.swift in Sources */ = {isa = PBXBuildFile; fileRef = A638758C1EE7665300A80E75 /* EventsListViewControllerTests.swift */; };
		A64AEA0E1EE9C26C000DF931 /* EventDetailsViewController.swift in Sources */ = {isa = PBXBuildFile; fileRef = A64AEA0D1EE9C26C000DF931 /* EventDetailsViewController.swift */; };
		A64AEA101EE9C28A000DF931 /* EventDetailsViewControllerTests.swift in Sources */ = {isa = PBXBuildFile; fileRef = A64AEA0F1EE9C28A000DF931 /* EventDetailsViewControllerTests.swift */; };
		A64AEA121EE9C9D9000DF931 /* AppDelegateTests.swift in Sources */ = {isa = PBXBuildFile; fileRef = A64AEA111EE9C9D9000DF931 /* AppDelegateTests.swift */; };
		A65A59531EE72BEB00E29643 /* AppDelegate.swift in Sources */ = {isa = PBXBuildFile; fileRef = A65A59521EE72BEB00E29643 /* AppDelegate.swift */; };
		A65A59581EE72BEB00E29643 /* Main.storyboard in Resources */ = {isa = PBXBuildFile; fileRef = A65A59561EE72BEB00E29643 /* Main.storyboard */; };
		A65A595B1EE72BEB00E29643 /* DubDub.xcdatamodeld in Sources */ = {isa = PBXBuildFile; fileRef = A65A59591EE72BEB00E29643 /* DubDub.xcdatamodeld */; };
		A65A59601EE72BEB00E29643 /* LaunchScreen.storyboard in Resources */ = {isa = PBXBuildFile; fileRef = A65A595E1EE72BEB00E29643 /* LaunchScreen.storyboard */; };
		A67834CF1EF0638900B4D06C /* EventTableViewCell.swift in Sources */ = {isa = PBXBuildFile; fileRef = A67834CD1EF0638900B4D06C /* EventTableViewCell.swift */; };
		A67834D01EF0638A00B4D06C /* EventTableViewCell.xib in Resources */ = {isa = PBXBuildFile; fileRef = A67834CE1EF0638900B4D06C /* EventTableViewCell.xib */; };
		A67A0DCB1EF18F1C0006A9D6 /* Designable.swift in Sources */ = {isa = PBXBuildFile; fileRef = A67A0DCA1EF18F1C0006A9D6 /* Designable.swift */; };
		A67A0DCD1EF18FFD0006A9D6 /* HeartImageView.swift in Sources */ = {isa = PBXBuildFile; fileRef = A67A0DCC1EF18FFD0006A9D6 /* HeartImageView.swift */; };
		A67A0DCF1EF190360006A9D6 /* HeartImageViewTests.swift in Sources */ = {isa = PBXBuildFile; fileRef = A67A0DCE1EF190360006A9D6 /* HeartImageViewTests.swift */; };
		A67A0DD11EF196BF0006A9D6 /* HeartDesignable.swift in Sources */ = {isa = PBXBuildFile; fileRef = A67A0DD01EF196BF0006A9D6 /* HeartDesignable.swift */; };
		A67A0DD41EF199BB0006A9D6 /* UIBezierPath+Heart.swift in Sources */ = {isa = PBXBuildFile; fileRef = A67A0DD31EF199BB0006A9D6 /* UIBezierPath+Heart.swift */; };
		A67A0DD61EF19AEA0006A9D6 /* NetworkManager.swift in Sources */ = {isa = PBXBuildFile; fileRef = A67A0DD51EF19AEA0006A9D6 /* NetworkManager.swift */; };
		A67A0DD81EF1BBD50006A9D6 /* HeartButton.swift in Sources */ = {isa = PBXBuildFile; fileRef = A67A0DD71EF1BBD50006A9D6 /* HeartButton.swift */; };
		A67A0DDA1EF1BCA30006A9D6 /* HeartButtonTests.swift in Sources */ = {isa = PBXBuildFile; fileRef = A67A0DD91EF1BCA30006A9D6 /* HeartButtonTests.swift */; };
		A6E102B11EF2F4380039DCD1 /* APIManager.swift in Sources */ = {isa = PBXBuildFile; fileRef = A6E102B01EF2F4380039DCD1 /* APIManager.swift */; };
		A6E102B31EF2F44E0039DCD1 /* APIManagerTests.swift in Sources */ = {isa = PBXBuildFile; fileRef = A6E102B21EF2F44E0039DCD1 /* APIManagerTests.swift */; };
		A6F844C61EF0D60200829E14 /* Assets.xcassets in Resources */ = {isa = PBXBuildFile; fileRef = A6F844C51EF0D60200829E14 /* Assets.xcassets */; };
		A6F844C81EF0DB5A00829E14 /* EventTableViewCellTests.swift in Sources */ = {isa = PBXBuildFile; fileRef = A6F844C71EF0DB5A00829E14 /* EventTableViewCellTests.swift */; };
/* End PBXBuildFile section */

/* Begin PBXContainerItemProxy section */
		A65A59671EE72BEB00E29643 /* PBXContainerItemProxy */ = {
			isa = PBXContainerItemProxy;
			containerPortal = A65A59471EE72BEA00E29643 /* Project object */;
			proxyType = 1;
			remoteGlobalIDString = A65A594E1EE72BEB00E29643;
			remoteInfo = DubDub;
		};
		A65A59721EE72BEB00E29643 /* PBXContainerItemProxy */ = {
			isa = PBXContainerItemProxy;
			containerPortal = A65A59471EE72BEA00E29643 /* Project object */;
			proxyType = 1;
			remoteGlobalIDString = A65A594E1EE72BEB00E29643;
			remoteInfo = DubDub;
		};
/* End PBXContainerItemProxy section */

/* Begin PBXFileReference section */
		A60DB6D11EF1D5B500959010 /* Event+CoreDataClass.swift */ = {isa = PBXFileReference; fileEncoding = 4; lastKnownFileType = sourcecode.swift; path = "Event+CoreDataClass.swift"; sourceTree = "<group>"; };
		A60DB6D21EF1D5B500959010 /* Event+CoreDataProperties.swift */ = {isa = PBXFileReference; fileEncoding = 4; lastKnownFileType = sourcecode.swift; path = "Event+CoreDataProperties.swift"; sourceTree = "<group>"; };
		A60DB6D31EF1D5B500959010 /* Venue+CoreDataClass.swift */ = {isa = PBXFileReference; fileEncoding = 4; lastKnownFileType = sourcecode.swift; path = "Venue+CoreDataClass.swift"; sourceTree = "<group>"; };
		A60DB6D41EF1D5B500959010 /* Venue+CoreDataProperties.swift */ = {isa = PBXFileReference; fileEncoding = 4; lastKnownFileType = sourcecode.swift; path = "Venue+CoreDataProperties.swift"; sourceTree = "<group>"; };
		A60DB6D51EF1D5B500959010 /* Address+CoreDataClass.swift */ = {isa = PBXFileReference; fileEncoding = 4; lastKnownFileType = sourcecode.swift; path = "Address+CoreDataClass.swift"; sourceTree = "<group>"; };
		A60DB6D61EF1D5B500959010 /* Address+CoreDataProperties.swift */ = {isa = PBXFileReference; fileEncoding = 4; lastKnownFileType = sourcecode.swift; path = "Address+CoreDataProperties.swift"; sourceTree = "<group>"; };
		A60DB6D71EF1D5B500959010 /* Location+CoreDataClass.swift */ = {isa = PBXFileReference; fileEncoding = 4; lastKnownFileType = sourcecode.swift; path = "Location+CoreDataClass.swift"; sourceTree = "<group>"; };
		A60DB6D81EF1D5B500959010 /* Location+CoreDataProperties.swift */ = {isa = PBXFileReference; fileEncoding = 4; lastKnownFileType = sourcecode.swift; path = "Location+CoreDataProperties.swift"; sourceTree = "<group>"; };
		A60DB6E11EF1D63C00959010 /* CoreDataStackTests.swift */ = {isa = PBXFileReference; fileEncoding = 4; lastKnownFileType = sourcecode.swift; path = CoreDataStackTests.swift; sourceTree = "<group>"; };
		A60DB6E51EF1D6F500959010 /* CoreDataStack.swift */ = {isa = PBXFileReference; fileEncoding = 4; lastKnownFileType = sourcecode.swift; path = CoreDataStack.swift; sourceTree = "<group>"; };
		A63875891EE765B800A80E75 /* EventsListViewController.swift */ = {isa = PBXFileReference; fileEncoding = 4; lastKnownFileType = sourcecode.swift; path = EventsListViewController.swift; sourceTree = "<group>"; };
		A638758B1EE7665200A80E75 /* DubDubTests-Bridging-Header.h */ = {isa = PBXFileReference; lastKnownFileType = sourcecode.c.h; path = "DubDubTests-Bridging-Header.h"; sourceTree = "<group>"; };
		A638758C1EE7665300A80E75 /* EventsListViewControllerTests.swift */ = {isa = PBXFileReference; fileEncoding = 4; lastKnownFileType = sourcecode.swift; path = EventsListViewControllerTests.swift; sourceTree = "<group>"; };
		A64AEA0D1EE9C26C000DF931 /* EventDetailsViewController.swift */ = {isa = PBXFileReference; fileEncoding = 4; lastKnownFileType = sourcecode.swift; path = EventDetailsViewController.swift; sourceTree = "<group>"; };
		A64AEA0F1EE9C28A000DF931 /* EventDetailsViewControllerTests.swift */ = {isa = PBXFileReference; fileEncoding = 4; lastKnownFileType = sourcecode.swift; path = EventDetailsViewControllerTests.swift; sourceTree = "<group>"; };
		A64AEA111EE9C9D9000DF931 /* AppDelegateTests.swift */ = {isa = PBXFileReference; fileEncoding = 4; lastKnownFileType = sourcecode.swift; path = AppDelegateTests.swift; sourceTree = "<group>"; };
		A65A594F1EE72BEB00E29643 /* DubDub.app */ = {isa = PBXFileReference; explicitFileType = wrapper.application; includeInIndex = 0; path = DubDub.app; sourceTree = BUILT_PRODUCTS_DIR; };
		A65A59521EE72BEB00E29643 /* AppDelegate.swift */ = {isa = PBXFileReference; lastKnownFileType = sourcecode.swift; path = AppDelegate.swift; sourceTree = "<group>"; };
		A65A59571EE72BEB00E29643 /* Base */ = {isa = PBXFileReference; lastKnownFileType = file.storyboard; name = Base; path = Base.lproj/Main.storyboard; sourceTree = "<group>"; };
		A65A595A1EE72BEB00E29643 /* DubDub.xcdatamodel */ = {isa = PBXFileReference; lastKnownFileType = wrapper.xcdatamodel; path = DubDub.xcdatamodel; sourceTree = "<group>"; };
		A65A595F1EE72BEB00E29643 /* Base */ = {isa = PBXFileReference; lastKnownFileType = file.storyboard; name = Base; path = Base.lproj/LaunchScreen.storyboard; sourceTree = "<group>"; };
		A65A59611EE72BEB00E29643 /* Info.plist */ = {isa = PBXFileReference; lastKnownFileType = text.plist.xml; path = Info.plist; sourceTree = "<group>"; };
		A65A59661EE72BEB00E29643 /* DubDubTests.xctest */ = {isa = PBXFileReference; explicitFileType = wrapper.cfbundle; includeInIndex = 0; path = DubDubTests.xctest; sourceTree = BUILT_PRODUCTS_DIR; };
		A65A596C1EE72BEB00E29643 /* Info.plist */ = {isa = PBXFileReference; lastKnownFileType = text.plist.xml; path = Info.plist; sourceTree = "<group>"; };
		A65A59711EE72BEB00E29643 /* DubDubUITests.xctest */ = {isa = PBXFileReference; explicitFileType = wrapper.cfbundle; includeInIndex = 0; path = DubDubUITests.xctest; sourceTree = BUILT_PRODUCTS_DIR; };
		A65A59771EE72BEB00E29643 /* Info.plist */ = {isa = PBXFileReference; lastKnownFileType = text.plist.xml; path = Info.plist; sourceTree = "<group>"; };
		A67834CD1EF0638900B4D06C /* EventTableViewCell.swift */ = {isa = PBXFileReference; fileEncoding = 4; lastKnownFileType = sourcecode.swift; path = EventTableViewCell.swift; sourceTree = "<group>"; };
		A67834CE1EF0638900B4D06C /* EventTableViewCell.xib */ = {isa = PBXFileReference; fileEncoding = 4; lastKnownFileType = file.xib; path = EventTableViewCell.xib; sourceTree = "<group>"; };
		A67A0DCA1EF18F1C0006A9D6 /* Designable.swift */ = {isa = PBXFileReference; fileEncoding = 4; lastKnownFileType = sourcecode.swift; path = Designable.swift; sourceTree = "<group>"; };
		A67A0DCC1EF18FFD0006A9D6 /* HeartImageView.swift */ = {isa = PBXFileReference; fileEncoding = 4; lastKnownFileType = sourcecode.swift; path = HeartImageView.swift; sourceTree = "<group>"; };
		A67A0DCE1EF190360006A9D6 /* HeartImageViewTests.swift */ = {isa = PBXFileReference; fileEncoding = 4; lastKnownFileType = sourcecode.swift; path = HeartImageViewTests.swift; sourceTree = "<group>"; };
		A67A0DD01EF196BF0006A9D6 /* HeartDesignable.swift */ = {isa = PBXFileReference; fileEncoding = 4; lastKnownFileType = sourcecode.swift; path = HeartDesignable.swift; sourceTree = "<group>"; };
		A67A0DD31EF199BB0006A9D6 /* UIBezierPath+Heart.swift */ = {isa = PBXFileReference; fileEncoding = 4; lastKnownFileType = sourcecode.swift; path = "UIBezierPath+Heart.swift"; sourceTree = "<group>"; };
		A67A0DD51EF19AEA0006A9D6 /* NetworkManager.swift */ = {isa = PBXFileReference; fileEncoding = 4; lastKnownFileType = sourcecode.swift; path = NetworkManager.swift; sourceTree = "<group>"; };
		A67A0DD71EF1BBD50006A9D6 /* HeartButton.swift */ = {isa = PBXFileReference; fileEncoding = 4; lastKnownFileType = sourcecode.swift; path = HeartButton.swift; sourceTree = "<group>"; };
		A67A0DD91EF1BCA30006A9D6 /* HeartButtonTests.swift */ = {isa = PBXFileReference; fileEncoding = 4; lastKnownFileType = sourcecode.swift; path = HeartButtonTests.swift; sourceTree = "<group>"; };
		A6E102B01EF2F4380039DCD1 /* APIManager.swift */ = {isa = PBXFileReference; fileEncoding = 4; lastKnownFileType = sourcecode.swift; path = APIManager.swift; sourceTree = "<group>"; };
		A6E102B21EF2F44E0039DCD1 /* APIManagerTests.swift */ = {isa = PBXFileReference; fileEncoding = 4; lastKnownFileType = sourcecode.swift; path = APIManagerTests.swift; sourceTree = "<group>"; };
		A6F844C51EF0D60200829E14 /* Assets.xcassets */ = {isa = PBXFileReference; lastKnownFileType = folder.assetcatalog; path = Assets.xcassets; sourceTree = "<group>"; };
		A6F844C71EF0DB5A00829E14 /* EventTableViewCellTests.swift */ = {isa = PBXFileReference; fileEncoding = 4; lastKnownFileType = sourcecode.swift; path = EventTableViewCellTests.swift; sourceTree = "<group>"; };
/* End PBXFileReference section */

/* Begin PBXFrameworksBuildPhase section */
		A65A594C1EE72BEB00E29643 /* Frameworks */ = {
			isa = PBXFrameworksBuildPhase;
			buildActionMask = 2147483647;
			files = (
			);
			runOnlyForDeploymentPostprocessing = 0;
		};
		A65A59631EE72BEB00E29643 /* Frameworks */ = {
			isa = PBXFrameworksBuildPhase;
			buildActionMask = 2147483647;
			files = (
			);
			runOnlyForDeploymentPostprocessing = 0;
		};
		A65A596E1EE72BEB00E29643 /* Frameworks */ = {
			isa = PBXFrameworksBuildPhase;
			buildActionMask = 2147483647;
			files = (
			);
			runOnlyForDeploymentPostprocessing = 0;
		};
/* End PBXFrameworksBuildPhase section */

/* Begin PBXGroup section */
		A60DB6E31EF1D6CD00959010 /* Stack */ = {
			isa = PBXGroup;
			children = (
				A60DB6E51EF1D6F500959010 /* CoreDataStack.swift */,
			);
			name = Stack;
			sourceTree = "<group>";
		};
		A60DB6E41EF1D6D300959010 /* Model */ = {
			isa = PBXGroup;
			children = (
				A60DB6D51EF1D5B500959010 /* Address+CoreDataClass.swift */,
				A60DB6D61EF1D5B500959010 /* Address+CoreDataProperties.swift */,
				A60DB6D11EF1D5B500959010 /* Event+CoreDataClass.swift */,
				A60DB6D21EF1D5B500959010 /* Event+CoreDataProperties.swift */,
				A60DB6D71EF1D5B500959010 /* Location+CoreDataClass.swift */,
				A60DB6D81EF1D5B500959010 /* Location+CoreDataProperties.swift */,
				A60DB6D31EF1D5B500959010 /* Venue+CoreDataClass.swift */,
				A60DB6D41EF1D5B500959010 /* Venue+CoreDataProperties.swift */,
			);
			name = Model;
			sourceTree = "<group>";
		};
		A638758E1EE7667200A80E75 /* ViewControlles */ = {
			isa = PBXGroup;
			children = (
				A63875891EE765B800A80E75 /* EventsListViewController.swift */,
				A64AEA0D1EE9C26C000DF931 /* EventDetailsViewController.swift */,
			);
			name = ViewControlles;
			sourceTree = "<group>";
		};
		A65A59461EE72BEA00E29643 = {
			isa = PBXGroup;
			children = (
				A65A59511EE72BEB00E29643 /* DubDub */,
				A65A59691EE72BEB00E29643 /* DubDubTests */,
				A65A59741EE72BEB00E29643 /* DubDubUITests */,
				A65A59501EE72BEB00E29643 /* Products */,
				A638758B1EE7665200A80E75 /* DubDubTests-Bridging-Header.h */,
			);
			sourceTree = "<group>";
		};
		A65A59501EE72BEB00E29643 /* Products */ = {
			isa = PBXGroup;
			children = (
				A65A594F1EE72BEB00E29643 /* DubDub.app */,
				A65A59661EE72BEB00E29643 /* DubDubTests.xctest */,
				A65A59711EE72BEB00E29643 /* DubDubUITests.xctest */,
			);
			name = Products;
			sourceTree = "<group>";
		};
		A65A59511EE72BEB00E29643 /* DubDub */ = {
			isa = PBXGroup;
			children = (
				A65A59611EE72BEB00E29643 /* Info.plist */,
				A65A59521EE72BEB00E29643 /* AppDelegate.swift */,
				A6F844C51EF0D60200829E14 /* Assets.xcassets */,
				A67834CC1EF0636700B4D06C /* CustomViews */,
				A65A595E1EE72BEB00E29643 /* LaunchScreen.storyboard */,
				A65A59561EE72BEB00E29643 /* Main.storyboard */,
				A67A0DDB1EF1BDA10006A9D6 /* Data */,
				A6AB73C81EE8C76600D425D2 /* Network */,
				A67A0DC91EF18F0C0006A9D6 /* Protocols */,
				A67A0DD21EF199620006A9D6 /* UIAdditions */,
				A638758E1EE7667200A80E75 /* ViewControlles */,
			);
			path = DubDub;
			sourceTree = "<group>";
		};
		A65A59691EE72BEB00E29643 /* DubDubTests */ = {
			isa = PBXGroup;
			children = (
				A6E102B21EF2F44E0039DCD1 /* APIManagerTests.swift */,
				A64AEA111EE9C9D9000DF931 /* AppDelegateTests.swift */,
				A60DB6E11EF1D63C00959010 /* CoreDataStackTests.swift */,
				A64AEA0F1EE9C28A000DF931 /* EventDetailsViewControllerTests.swift */,
				A638758C1EE7665300A80E75 /* EventsListViewControllerTests.swift */,
				A6F844C71EF0DB5A00829E14 /* EventTableViewCellTests.swift */,
				A67A0DD91EF1BCA30006A9D6 /* HeartButtonTests.swift */,
				A67A0DCE1EF190360006A9D6 /* HeartImageViewTests.swift */,
				A65A596C1EE72BEB00E29643 /* Info.plist */,
			);
			path = DubDubTests;
			sourceTree = "<group>";
		};
		A65A59741EE72BEB00E29643 /* DubDubUITests */ = {
			isa = PBXGroup;
			children = (
				A65A59771EE72BEB00E29643 /* Info.plist */,
			);
			path = DubDubUITests;
			sourceTree = "<group>";
		};
		A67834CC1EF0636700B4D06C /* CustomViews */ = {
			isa = PBXGroup;
			children = (
				A67A0DDC1EF1BDB10006A9D6 /* Cells */,
				A67A0DCC1EF18FFD0006A9D6 /* HeartImageView.swift */,
				A67A0DD71EF1BBD50006A9D6 /* HeartButton.swift */,
			);
			name = CustomViews;
			sourceTree = "<group>";
		};
		A67A0DC91EF18F0C0006A9D6 /* Protocols */ = {
			isa = PBXGroup;
			children = (
				A67A0DCA1EF18F1C0006A9D6 /* Designable.swift */,
				A67A0DD01EF196BF0006A9D6 /* HeartDesignable.swift */,
			);
			name = Protocols;
			sourceTree = "<group>";
		};
		A67A0DD21EF199620006A9D6 /* UIAdditions */ = {
			isa = PBXGroup;
			children = (
				A67A0DD31EF199BB0006A9D6 /* UIBezierPath+Heart.swift */,
			);
			name = UIAdditions;
			sourceTree = "<group>";
		};
		A67A0DDB1EF1BDA10006A9D6 /* Data */ = {
			isa = PBXGroup;
			children = (
				A65A59591EE72BEB00E29643 /* DubDub.xcdatamodeld */,
				A60DB6E41EF1D6D300959010 /* Model */,
				A60DB6E31EF1D6CD00959010 /* Stack */,
			);
			name = Data;
			sourceTree = "<group>";
		};
		A67A0DDC1EF1BDB10006A9D6 /* Cells */ = {
			isa = PBXGroup;
			children = (
				A67834CD1EF0638900B4D06C /* EventTableViewCell.swift */,
				A67834CE1EF0638900B4D06C /* EventTableViewCell.xib */,
			);
			name = Cells;
			sourceTree = "<group>";
		};
		A6AB73C81EE8C76600D425D2 /* Network */ = {
			isa = PBXGroup;
			children = (
				A67A0DD51EF19AEA0006A9D6 /* NetworkManager.swift */,
				A6E102B01EF2F4380039DCD1 /* APIManager.swift */,
			);
			name = Network;
			sourceTree = "<group>";
		};
/* End PBXGroup section */

/* Begin PBXNativeTarget section */
		A65A594E1EE72BEB00E29643 /* DubDub */ = {
			isa = PBXNativeTarget;
			buildConfigurationList = A65A597A1EE72BEB00E29643 /* Build configuration list for PBXNativeTarget "DubDub" */;
			buildPhases = (
				A65A594B1EE72BEB00E29643 /* Sources */,
				A65A594C1EE72BEB00E29643 /* Frameworks */,
				A65A594D1EE72BEB00E29643 /* Resources */,
			);
			buildRules = (
			);
			dependencies = (
			);
			name = DubDub;
			productName = DubDub;
			productReference = A65A594F1EE72BEB00E29643 /* DubDub.app */;
			productType = "com.apple.product-type.application";
		};
		A65A59651EE72BEB00E29643 /* DubDubTests */ = {
			isa = PBXNativeTarget;
			buildConfigurationList = A65A597D1EE72BEB00E29643 /* Build configuration list for PBXNativeTarget "DubDubTests" */;
			buildPhases = (
				A65A59621EE72BEB00E29643 /* Sources */,
				A65A59631EE72BEB00E29643 /* Frameworks */,
				A65A59641EE72BEB00E29643 /* Resources */,
			);
			buildRules = (
			);
			dependencies = (
				A65A59681EE72BEB00E29643 /* PBXTargetDependency */,
			);
			name = DubDubTests;
			productName = DubDubTests;
			productReference = A65A59661EE72BEB00E29643 /* DubDubTests.xctest */;
			productType = "com.apple.product-type.bundle.unit-test";
		};
		A65A59701EE72BEB00E29643 /* DubDubUITests */ = {
			isa = PBXNativeTarget;
			buildConfigurationList = A65A59801EE72BEB00E29643 /* Build configuration list for PBXNativeTarget "DubDubUITests" */;
			buildPhases = (
				A65A596D1EE72BEB00E29643 /* Sources */,
				A65A596E1EE72BEB00E29643 /* Frameworks */,
				A65A596F1EE72BEB00E29643 /* Resources */,
			);
			buildRules = (
			);
			dependencies = (
				A65A59731EE72BEB00E29643 /* PBXTargetDependency */,
			);
			name = DubDubUITests;
			productName = DubDubUITests;
			productReference = A65A59711EE72BEB00E29643 /* DubDubUITests.xctest */;
			productType = "com.apple.product-type.bundle.ui-testing";
		};
/* End PBXNativeTarget section */

/* Begin PBXProject section */
		A65A59471EE72BEA00E29643 /* Project object */ = {
			isa = PBXProject;
			attributes = {
				LastSwiftUpdateCheck = 0830;
				LastUpgradeCheck = 0830;
				ORGANIZATIONNAME = home;
				TargetAttributes = {
					A65A594E1EE72BEB00E29643 = {
						CreatedOnToolsVersion = 8.3.3;
						DevelopmentTeam = 7M89JKZW47;
						ProvisioningStyle = Automatic;
					};
					A65A59651EE72BEB00E29643 = {
						CreatedOnToolsVersion = 8.3.3;
						DevelopmentTeam = 7M89JKZW47;
						LastSwiftMigration = 0830;
						ProvisioningStyle = Automatic;
						TestTargetID = A65A594E1EE72BEB00E29643;
					};
					A65A59701EE72BEB00E29643 = {
						CreatedOnToolsVersion = 8.3.3;
						DevelopmentTeam = 7M89JKZW47;
						ProvisioningStyle = Automatic;
						TestTargetID = A65A594E1EE72BEB00E29643;
					};
				};
			};
			buildConfigurationList = A65A594A1EE72BEA00E29643 /* Build configuration list for PBXProject "DubDub" */;
			compatibilityVersion = "Xcode 3.2";
			developmentRegion = English;
			hasScannedForEncodings = 0;
			knownRegions = (
				en,
				Base,
			);
			mainGroup = A65A59461EE72BEA00E29643;
			productRefGroup = A65A59501EE72BEB00E29643 /* Products */;
			projectDirPath = "";
			projectRoot = "";
			targets = (
				A65A594E1EE72BEB00E29643 /* DubDub */,
				A65A59651EE72BEB00E29643 /* DubDubTests */,
				A65A59701EE72BEB00E29643 /* DubDubUITests */,
			);
		};
/* End PBXProject section */

/* Begin PBXResourcesBuildPhase section */
		A65A594D1EE72BEB00E29643 /* Resources */ = {
			isa = PBXResourcesBuildPhase;
			buildActionMask = 2147483647;
			files = (
				A67834D01EF0638A00B4D06C /* EventTableViewCell.xib in Resources */,
				A65A59601EE72BEB00E29643 /* LaunchScreen.storyboard in Resources */,
				A6F844C61EF0D60200829E14 /* Assets.xcassets in Resources */,
				A65A59581EE72BEB00E29643 /* Main.storyboard in Resources */,
			);
			runOnlyForDeploymentPostprocessing = 0;
		};
		A65A59641EE72BEB00E29643 /* Resources */ = {
			isa = PBXResourcesBuildPhase;
			buildActionMask = 2147483647;
			files = (
			);
			runOnlyForDeploymentPostprocessing = 0;
		};
		A65A596F1EE72BEB00E29643 /* Resources */ = {
			isa = PBXResourcesBuildPhase;
			buildActionMask = 2147483647;
			files = (
			);
			runOnlyForDeploymentPostprocessing = 0;
		};
/* End PBXResourcesBuildPhase section */

/* Begin PBXSourcesBuildPhase section */
		A65A594B1EE72BEB00E29643 /* Sources */ = {
			isa = PBXSourcesBuildPhase;
			buildActionMask = 2147483647;
			files = (
				A60DB6DD1EF1D5B500959010 /* Address+CoreDataClass.swift in Sources */,
				A64AEA0E1EE9C26C000DF931 /* EventDetailsViewController.swift in Sources */,
				A67A0DCD1EF18FFD0006A9D6 /* HeartImageView.swift in Sources */,
				A67A0DD61EF19AEA0006A9D6 /* NetworkManager.swift in Sources */,
				A67A0DD41EF199BB0006A9D6 /* UIBezierPath+Heart.swift in Sources */,
				A67A0DD11EF196BF0006A9D6 /* HeartDesignable.swift in Sources */,
				A6E102B11EF2F4380039DCD1 /* APIManager.swift in Sources */,
				A60DB6DF1EF1D5B500959010 /* Location+CoreDataClass.swift in Sources */,
				A60DB6DB1EF1D5B500959010 /* Venue+CoreDataClass.swift in Sources */,
				A65A59531EE72BEB00E29643 /* AppDelegate.swift in Sources */,
				A60DB6DA1EF1D5B500959010 /* Event+CoreDataProperties.swift in Sources */,
				A638758A1EE765B800A80E75 /* EventsListViewController.swift in Sources */,
				A60DB6E01EF1D5B500959010 /* Location+CoreDataProperties.swift in Sources */,
				A67A0DD81EF1BBD50006A9D6 /* HeartButton.swift in Sources */,
				A67834CF1EF0638900B4D06C /* EventTableViewCell.swift in Sources */,
				A60DB6DE1EF1D5B500959010 /* Address+CoreDataProperties.swift in Sources */,
				A60DB6E61EF1D6F500959010 /* CoreDataStack.swift in Sources */,
				A60DB6DC1EF1D5B500959010 /* Venue+CoreDataProperties.swift in Sources */,
				A65A595B1EE72BEB00E29643 /* DubDub.xcdatamodeld in Sources */,
				A60DB6D91EF1D5B500959010 /* Event+CoreDataClass.swift in Sources */,
				A67A0DCB1EF18F1C0006A9D6 /* Designable.swift in Sources */,
			);
			runOnlyForDeploymentPostprocessing = 0;
		};
		A65A59621EE72BEB00E29643 /* Sources */ = {
			isa = PBXSourcesBuildPhase;
			buildActionMask = 2147483647;
			files = (
				A6E102B31EF2F44E0039DCD1 /* APIManagerTests.swift in Sources */,
				A6F844C81EF0DB5A00829E14 /* EventTableViewCellTests.swift in Sources */,
				A64AEA101EE9C28A000DF931 /* EventDetailsViewControllerTests.swift in Sources */,
				A64AEA121EE9C9D9000DF931 /* AppDelegateTests.swift in Sources */,
				A638758D1EE7665300A80E75 /* EventsListViewControllerTests.swift in Sources */,
				A67A0DDA1EF1BCA30006A9D6 /* HeartButtonTests.swift in Sources */,
				A60DB6E21EF1D63C00959010 /* CoreDataStackTests.swift in Sources */,
				A67A0DCF1EF190360006A9D6 /* HeartImageViewTests.swift in Sources */,
			);
			runOnlyForDeploymentPostprocessing = 0;
		};
		A65A596D1EE72BEB00E29643 /* Sources */ = {
			isa = PBXSourcesBuildPhase;
			buildActionMask = 2147483647;
			files = (
			);
			runOnlyForDeploymentPostprocessing = 0;
		};
/* End PBXSourcesBuildPhase section */

/* Begin PBXTargetDependency section */
		A65A59681EE72BEB00E29643 /* PBXTargetDependency */ = {
			isa = PBXTargetDependency;
			target = A65A594E1EE72BEB00E29643 /* DubDub */;
			targetProxy = A65A59671EE72BEB00E29643 /* PBXContainerItemProxy */;
		};
		A65A59731EE72BEB00E29643 /* PBXTargetDependency */ = {
			isa = PBXTargetDependency;
			target = A65A594E1EE72BEB00E29643 /* DubDub */;
			targetProxy = A65A59721EE72BEB00E29643 /* PBXContainerItemProxy */;
		};
/* End PBXTargetDependency section */

/* Begin PBXVariantGroup section */
		A65A59561EE72BEB00E29643 /* Main.storyboard */ = {
			isa = PBXVariantGroup;
			children = (
				A65A59571EE72BEB00E29643 /* Base */,
			);
			name = Main.storyboard;
			sourceTree = "<group>";
		};
		A65A595E1EE72BEB00E29643 /* LaunchScreen.storyboard */ = {
			isa = PBXVariantGroup;
			children = (
				A65A595F1EE72BEB00E29643 /* Base */,
			);
			name = LaunchScreen.storyboard;
			sourceTree = "<group>";
		};
/* End PBXVariantGroup section */

/* Begin XCBuildConfiguration section */
		A65A59781EE72BEB00E29643 /* Debug */ = {
			isa = XCBuildConfiguration;
			buildSettings = {
				ALWAYS_SEARCH_USER_PATHS = NO;
				CLANG_ANALYZER_NONNULL = YES;
				CLANG_ANALYZER_NUMBER_OBJECT_CONVERSION = YES_AGGRESSIVE;
				CLANG_CXX_LANGUAGE_STANDARD = "gnu++0x";
				CLANG_CXX_LIBRARY = "libc++";
				CLANG_ENABLE_MODULES = YES;
				CLANG_ENABLE_OBJC_ARC = YES;
				CLANG_WARN_BOOL_CONVERSION = YES;
				CLANG_WARN_CONSTANT_CONVERSION = YES;
				CLANG_WARN_DIRECT_OBJC_ISA_USAGE = YES_ERROR;
				CLANG_WARN_DOCUMENTATION_COMMENTS = YES;
				CLANG_WARN_EMPTY_BODY = YES;
				CLANG_WARN_ENUM_CONVERSION = YES;
				CLANG_WARN_INFINITE_RECURSION = YES;
				CLANG_WARN_INT_CONVERSION = YES;
				CLANG_WARN_OBJC_ROOT_CLASS = YES_ERROR;
				CLANG_WARN_SUSPICIOUS_MOVE = YES;
				CLANG_WARN_UNREACHABLE_CODE = YES;
				CLANG_WARN__DUPLICATE_METHOD_MATCH = YES;
				"CODE_SIGN_IDENTITY[sdk=iphoneos*]" = "iPhone Developer";
				COPY_PHASE_STRIP = NO;
				DEBUG_INFORMATION_FORMAT = dwarf;
				ENABLE_STRICT_OBJC_MSGSEND = YES;
				ENABLE_TESTABILITY = YES;
				GCC_C_LANGUAGE_STANDARD = gnu99;
				GCC_DYNAMIC_NO_PIC = NO;
				GCC_NO_COMMON_BLOCKS = YES;
				GCC_OPTIMIZATION_LEVEL = 0;
				GCC_PREPROCESSOR_DEFINITIONS = (
					"DEBUG=1",
					"$(inherited)",
				);
				GCC_WARN_64_TO_32_BIT_CONVERSION = YES;
				GCC_WARN_ABOUT_RETURN_TYPE = YES_ERROR;
				GCC_WARN_UNDECLARED_SELECTOR = YES;
				GCC_WARN_UNINITIALIZED_AUTOS = YES_AGGRESSIVE;
				GCC_WARN_UNUSED_FUNCTION = YES;
				GCC_WARN_UNUSED_VARIABLE = YES;
				IPHONEOS_DEPLOYMENT_TARGET = 10.3;
				MTL_ENABLE_DEBUG_INFO = YES;
				ONLY_ACTIVE_ARCH = YES;
				SDKROOT = iphoneos;
				SWIFT_ACTIVE_COMPILATION_CONDITIONS = DEBUG;
				SWIFT_OPTIMIZATION_LEVEL = "-Onone";
				TARGETED_DEVICE_FAMILY = "1,2";
			};
			name = Debug;
		};
		A65A59791EE72BEB00E29643 /* Release */ = {
			isa = XCBuildConfiguration;
			buildSettings = {
				ALWAYS_SEARCH_USER_PATHS = NO;
				CLANG_ANALYZER_NONNULL = YES;
				CLANG_ANALYZER_NUMBER_OBJECT_CONVERSION = YES_AGGRESSIVE;
				CLANG_CXX_LANGUAGE_STANDARD = "gnu++0x";
				CLANG_CXX_LIBRARY = "libc++";
				CLANG_ENABLE_MODULES = YES;
				CLANG_ENABLE_OBJC_ARC = YES;
				CLANG_WARN_BOOL_CONVERSION = YES;
				CLANG_WARN_CONSTANT_CONVERSION = YES;
				CLANG_WARN_DIRECT_OBJC_ISA_USAGE = YES_ERROR;
				CLANG_WARN_DOCUMENTATION_COMMENTS = YES;
				CLANG_WARN_EMPTY_BODY = YES;
				CLANG_WARN_ENUM_CONVERSION = YES;
				CLANG_WARN_INFINITE_RECURSION = YES;
				CLANG_WARN_INT_CONVERSION = YES;
				CLANG_WARN_OBJC_ROOT_CLASS = YES_ERROR;
				CLANG_WARN_SUSPICIOUS_MOVE = YES;
				CLANG_WARN_UNREACHABLE_CODE = YES;
				CLANG_WARN__DUPLICATE_METHOD_MATCH = YES;
				"CODE_SIGN_IDENTITY[sdk=iphoneos*]" = "iPhone Developer";
				COPY_PHASE_STRIP = NO;
				DEBUG_INFORMATION_FORMAT = "dwarf-with-dsym";
				ENABLE_NS_ASSERTIONS = NO;
				ENABLE_STRICT_OBJC_MSGSEND = YES;
				GCC_C_LANGUAGE_STANDARD = gnu99;
				GCC_NO_COMMON_BLOCKS = YES;
				GCC_WARN_64_TO_32_BIT_CONVERSION = YES;
				GCC_WARN_ABOUT_RETURN_TYPE = YES_ERROR;
				GCC_WARN_UNDECLARED_SELECTOR = YES;
				GCC_WARN_UNINITIALIZED_AUTOS = YES_AGGRESSIVE;
				GCC_WARN_UNUSED_FUNCTION = YES;
				GCC_WARN_UNUSED_VARIABLE = YES;
				IPHONEOS_DEPLOYMENT_TARGET = 10.3;
				MTL_ENABLE_DEBUG_INFO = NO;
				SDKROOT = iphoneos;
				SWIFT_OPTIMIZATION_LEVEL = "-Owholemodule";
				TARGETED_DEVICE_FAMILY = "1,2";
				VALIDATE_PRODUCT = YES;
			};
			name = Release;
		};
		A65A597B1EE72BEB00E29643 /* Debug */ = {
			isa = XCBuildConfiguration;
			buildSettings = {
				ASSETCATALOG_COMPILER_APPICON_NAME = AppIcon;
				DEVELOPMENT_TEAM = 7M89JKZW47;
				INFOPLIST_FILE = DubDub/Info.plist;
				LD_RUNPATH_SEARCH_PATHS = "$(inherited) @executable_path/Frameworks";
				PRODUCT_BUNDLE_IDENTIFIER = com.home.DubDub;
				PRODUCT_NAME = "$(TARGET_NAME)";
				SWIFT_VERSION = 3.0;
				TARGETED_DEVICE_FAMILY = "1,2";
			};
			name = Debug;
		};
		A65A597C1EE72BEB00E29643 /* Release */ = {
			isa = XCBuildConfiguration;
			buildSettings = {
				ASSETCATALOG_COMPILER_APPICON_NAME = AppIcon;
				DEVELOPMENT_TEAM = 7M89JKZW47;
				INFOPLIST_FILE = DubDub/Info.plist;
				LD_RUNPATH_SEARCH_PATHS = "$(inherited) @executable_path/Frameworks";
				PRODUCT_BUNDLE_IDENTIFIER = com.home.DubDub;
				PRODUCT_NAME = "$(TARGET_NAME)";
				SWIFT_VERSION = 3.0;
				TARGETED_DEVICE_FAMILY = "1,2";
			};
			name = Release;
		};
		A65A597E1EE72BEB00E29643 /* Debug */ = {
			isa = XCBuildConfiguration;
			buildSettings = {
				ALWAYS_EMBED_SWIFT_STANDARD_LIBRARIES = YES;
				BUNDLE_LOADER = "$(TEST_HOST)";
				CLANG_ENABLE_MODULES = YES;
				DEVELOPMENT_TEAM = 7M89JKZW47;
				INFOPLIST_FILE = DubDubTests/Info.plist;
				LD_RUNPATH_SEARCH_PATHS = "$(inherited) @executable_path/Frameworks @loader_path/Frameworks";
				PRODUCT_BUNDLE_IDENTIFIER = com.home.DubDubTests;
				PRODUCT_NAME = "$(TARGET_NAME)";
				SWIFT_OBJC_BRIDGING_HEADER = "DubDubTests-Bridging-Header.h";
				SWIFT_OPTIMIZATION_LEVEL = "-Onone";
				SWIFT_VERSION = 3.0;
				TEST_HOST = "$(BUILT_PRODUCTS_DIR)/DubDub.app/DubDub";
			};
			name = Debug;
		};
		A65A597F1EE72BEB00E29643 /* Release */ = {
			isa = XCBuildConfiguration;
			buildSettings = {
				ALWAYS_EMBED_SWIFT_STANDARD_LIBRARIES = YES;
				BUNDLE_LOADER = "$(TEST_HOST)";
				CLANG_ENABLE_MODULES = YES;
				DEVELOPMENT_TEAM = 7M89JKZW47;
				INFOPLIST_FILE = DubDubTests/Info.plist;
				LD_RUNPATH_SEARCH_PATHS = "$(inherited) @executable_path/Frameworks @loader_path/Frameworks";
				PRODUCT_BUNDLE_IDENTIFIER = com.home.DubDubTests;
				PRODUCT_NAME = "$(TARGET_NAME)";
				SWIFT_OBJC_BRIDGING_HEADER = "DubDubTests-Bridging-Header.h";
				SWIFT_VERSION = 3.0;
				TEST_HOST = "$(BUILT_PRODUCTS_DIR)/DubDub.app/DubDub";
			};
			name = Release;
		};
		A65A59811EE72BEB00E29643 /* Debug */ = {
			isa = XCBuildConfiguration;
			buildSettings = {
				ALWAYS_EMBED_SWIFT_STANDARD_LIBRARIES = YES;
				DEVELOPMENT_TEAM = 7M89JKZW47;
				INFOPLIST_FILE = DubDubUITests/Info.plist;
				LD_RUNPATH_SEARCH_PATHS = "$(inherited) @executable_path/Frameworks @loader_path/Frameworks";
				PRODUCT_BUNDLE_IDENTIFIER = com.home.DubDubUITests;
				PRODUCT_NAME = "$(TARGET_NAME)";
				SWIFT_VERSION = 3.0;
				TEST_TARGET_NAME = DubDub;
			};
			name = Debug;
		};
		A65A59821EE72BEB00E29643 /* Release */ = {
			isa = XCBuildConfiguration;
			buildSettings = {
				ALWAYS_EMBED_SWIFT_STANDARD_LIBRARIES = YES;
				DEVELOPMENT_TEAM = 7M89JKZW47;
				INFOPLIST_FILE = DubDubUITests/Info.plist;
				LD_RUNPATH_SEARCH_PATHS = "$(inherited) @executable_path/Frameworks @loader_path/Frameworks";
				PRODUCT_BUNDLE_IDENTIFIER = com.home.DubDubUITests;
				PRODUCT_NAME = "$(TARGET_NAME)";
				SWIFT_VERSION = 3.0;
				TEST_TARGET_NAME = DubDub;
			};
			name = Release;
		};
/* End XCBuildConfiguration section */

/* Begin XCConfigurationList section */
		A65A594A1EE72BEA00E29643 /* Build configuration list for PBXProject "DubDub" */ = {
			isa = XCConfigurationList;
			buildConfigurations = (
				A65A59781EE72BEB00E29643 /* Debug */,
				A65A59791EE72BEB00E29643 /* Release */,
			);
			defaultConfigurationIsVisible = 0;
			defaultConfigurationName = Release;
		};
		A65A597A1EE72BEB00E29643 /* Build configuration list for PBXNativeTarget "DubDub" */ = {
			isa = XCConfigurationList;
			buildConfigurations = (
				A65A597B1EE72BEB00E29643 /* Debug */,
				A65A597C1EE72BEB00E29643 /* Release */,
			);
			defaultConfigurationIsVisible = 0;
			defaultConfigurationName = Release;
		};
		A65A597D1EE72BEB00E29643 /* Build configuration list for PBXNativeTarget "DubDubTests" */ = {
			isa = XCConfigurationList;
			buildConfigurations = (
				A65A597E1EE72BEB00E29643 /* Debug */,
				A65A597F1EE72BEB00E29643 /* Release */,
			);
			defaultConfigurationIsVisible = 0;
			defaultConfigurationName = Release;
		};
		A65A59801EE72BEB00E29643 /* Build configuration list for PBXNativeTarget "DubDubUITests" */ = {
			isa = XCConfigurationList;
			buildConfigurations = (
				A65A59811EE72BEB00E29643 /* Debug */,
				A65A59821EE72BEB00E29643 /* Release */,
			);
			defaultConfigurationIsVisible = 0;
			defaultConfigurationName = Release;
		};
/* End XCConfigurationList section */

/* Begin XCVersionGroup section */
		A65A59591EE72BEB00E29643 /* DubDub.xcdatamodeld */ = {
			isa = XCVersionGroup;
			children = (
				A65A595A1EE72BEB00E29643 /* DubDub.xcdatamodel */,
			);
			currentVersion = A65A595A1EE72BEB00E29643 /* DubDub.xcdatamodel */;
			path = DubDub.xcdatamodeld;
			sourceTree = "<group>";
			versionGroupType = wrapper.xcdatamodel;
		};
/* End XCVersionGroup section */
	};
	rootObject = A65A59471EE72BEA00E29643 /* Project object */;
}
